
Microsoft Visual Studio Solution File, Format Version 12.00
# Visual Studio Version 16
VisualStudioVersion = 16.0.29613.14
MinimumVisualStudioVersion = 10.0.40219.1
Project("{9A19103F-16F7-4668-BE54-9A1E7A4F7556}") = "E-Wallet.Web", "E-Wallet\E-Wallet.Web.csproj", "{2D8F0F2B-7D9C-4CDD-BE96-7EBA0CF16DAE}"
EndProject
Project("{9A19103F-16F7-4668-BE54-9A1E7A4F7556}") = "E-Wallet.Core", "E-Wallet.Core\E-Wallet.Core.csproj", "{3F22F115-7D3C-4F51-994D-7D2A4C55EDD5}"
EndProject
Project("{9A19103F-16F7-4668-BE54-9A1E7A4F7556}") = "E-Wallet.Persitence", "E-Wallet.Infrastructure\E-Wallet.Persitence.csproj", "{EF8B9306-A047-43BF-8CCA-7FA322897892}"
EndProject
Project("{FAE04EC0-301F-11D3-BF4B-00C04F79EFBC}") = "E-Wallet.Application", "E-Wallet.Application\E-Wallet.Application.csproj", "{7501F812-FF29-48F5-8E50-224087B73897}"
EndProject
Global
	GlobalSection(SolutionConfigurationPlatforms) = preSolution
		Debug|Any CPU = Debug|Any CPU
		Release|Any CPU = Release|Any CPU
	EndGlobalSection
	GlobalSection(ProjectConfigurationPlatforms) = postSolution
		{2D8F0F2B-7D9C-4CDD-BE96-7EBA0CF16DAE}.Debug|Any CPU.ActiveCfg = Debug|Any CPU
		{2D8F0F2B-7D9C-4CDD-BE96-7EBA0CF16DAE}.Debug|Any CPU.Build.0 = Debug|Any CPU
		{2D8F0F2B-7D9C-4CDD-BE96-7EBA0CF16DAE}.Release|Any CPU.ActiveCfg = Release|Any CPU
		{2D8F0F2B-7D9C-4CDD-BE96-7EBA0CF16DAE}.Release|Any CPU.Build.0 = Release|Any CPU
		{3F22F115-7D3C-4F51-994D-7D2A4C55EDD5}.Debug|Any CPU.ActiveCfg = Debug|Any CPU
		{3F22F115-7D3C-4F51-994D-7D2A4C55EDD5}.Debug|Any CPU.Build.0 = Debug|Any CPU
		{3F22F115-7D3C-4F51-994D-7D2A4C55EDD5}.Release|Any CPU.ActiveCfg = Release|Any CPU
		{3F22F115-7D3C-4F51-994D-7D2A4C55EDD5}.Release|Any CPU.Build.0 = Release|Any CPU
		{EF8B9306-A047-43BF-8CCA-7FA322897892}.Debug|Any CPU.ActiveCfg = Debug|Any CPU
		{EF8B9306-A047-43BF-8CCA-7FA322897892}.Debug|Any CPU.Build.0 = Debug|Any CPU
		{EF8B9306-A047-43BF-8CCA-7FA322897892}.Release|Any CPU.ActiveCfg = Release|Any CPU
		{EF8B9306-A047-43BF-8CCA-7FA322897892}.Release|Any CPU.Build.0 = Release|Any CPU
		{7501F812-FF29-48F5-8E50-224087B73897}.Debug|Any CPU.ActiveCfg = Debug|Any CPU
		{7501F812-FF29-48F5-8E50-224087B73897}.Debug|Any CPU.Build.0 = Debug|Any CPU
		{7501F812-FF29-48F5-8E50-224087B73897}.Release|Any CPU.ActiveCfg = Release|Any CPU
		{7501F812-FF29-48F5-8E50-224087B73897}.Release|Any CPU.Build.0 = Release|Any CPU
	EndGlobalSection
	GlobalSection(SolutionProperties) = preSolution
		HideSolutionNode = FALSE
	EndGlobalSection
	GlobalSection(ExtensibilityGlobals) = postSolution
		SolutionGuid = {8D81BABB-DCF8-4289-AA59-2E2438207707}
	EndGlobalSection
EndGlobal
